{
  "name": "vencode",
  "version": "1.0.0",
  "lockfileVersion": 2,
  "requires": true,
  "packages": {
    "": {
      "name": "vencode",
      "version": "1.0.0",
      "license": "MIT",
      "dependencies": {
        "aws-lambda-multipart-parser": "^0.1.3",
        "parse-multipart": "^1.0.4"
      }
    },
    "node_modules/aws-lambda-multipart-parser": {
      "version": "0.1.3",
      "resolved": "https://registry.npmjs.org/aws-lambda-multipart-parser/-/aws-lambda-multipart-parser-0.1.3.tgz",
      "integrity": "sha512-xCvTaRab2+Kh2iYK1OVIpt3X6VVutHhHwrdmtQPqUo6fACo7/Dm1rL41C7J/fRnJqChMfOfDif2lbMVHBWVglA=="
    },
    "node_modules/parse-multipart": {
      "version": "1.0.4",
      "resolved": "https://registry.npmjs.org/parse-multipart/-/parse-multipart-1.0.4.tgz",
      "integrity": "sha512-BQBmA/1qJzNnrPnRUzJhqGwbybsXa6Ot8vII5w+JT8gp2p7h9oWHwgAc29ohp669ZPzIy9izLi8ali9ngGmuAQ=="
    }
  },
  "dependencies": {
    "aws-lambda-multipart-parser": {
      "version": "0.1.3",
      "resolved": "https://registry.npmjs.org/aws-lambda-multipart-parser/-/aws-lambda-multipart-parser-0.1.3.tgz",
      "integrity": "sha512-xCvTaRab2+Kh2iYK1OVIpt3X6VVutHhHwrdmtQPqUo6fACo7/Dm1rL41C7J/fRnJqChMfOfDif2lbMVHBWVglA=="
    },
    "parse-multipart": {
      "version": "1.0.4",
      "resolved": "https://registry.npmjs.org/parse-multipart/-/parse-multipart-1.0.4.tgz",
      "integrity": "sha512-BQBmA/1qJzNnrPnRUzJhqGwbybsXa6Ot8vII5w+JT8gp2p7h9oWHwgAc29ohp669ZPzIy9izLi8ali9ngGmuAQ=="
    }
  }
}
